
Microsoft Visual Studio Solution File, Format Version 12.00
# Visual Studio Version 16
VisualStudioVersion = 16.0.32126.315
MinimumVisualStudioVersion = 10.0.40219.1
Project("{FAE04EC0-301F-11D3-BF4B-00C04F79EFBC}") = "WindowsService1", "WindowsService1\WindowsService1.csproj", "{DF0EF441-0E5E-4DA6-B084-313A213C3364}"
EndProject
Global
	GlobalSection(SolutionConfigurationPlatforms) = preSolution
		Debug|Any CPU = Debug|Any CPU
		Release|Any CPU = Release|Any CPU
	EndGlobalSection
	GlobalSection(ProjectConfigurationPlatforms) = postSolution
		{DF0EF441-0E5E-4DA6-B084-313A213C3364}.Debug|Any CPU.ActiveCfg = Debug|Any CPU
		{DF0EF441-0E5E-4DA6-B084-313A213C3364}.Debug|Any CPU.Build.0 = Debug|Any CPU
		{DF0EF441-0E5E-4DA6-B084-313A213C3364}.Release|Any CPU.ActiveCfg = Release|Any CPU
		{DF0EF441-0E5E-4DA6-B084-313A213C3364}.Release|Any CPU.Build.0 = Release|Any CPU
	EndGlobalSection
	GlobalSection(SolutionProperties) = preSolution
		HideSolutionNode = FALSE
	EndGlobalSection
	GlobalSection(ExtensibilityGlobals) = postSolution
		SolutionGuid = {6FDA0981-A0A7-4D3C-961D-90A8169BE7CD}
	EndGlobalSection
EndGlobal
